
Microsoft Visual Studio Solution File, Format Version 12.00
# Visual Studio Version 16
VisualStudioVersion = 16.0.31624.102
MinimumVisualStudioVersion = 10.0.40219.1
Project("{FAE04EC0-301F-11D3-BF4B-00C04F79EFBC}") = "APS_PatternsToDo", "APS_PatternsToDo\APS_PatternsToDo.csproj", "{0448A8BB-7829-46C1-B0C9-07A35CAFF608}"
EndProject
Global
	GlobalSection(SolutionConfigurationPlatforms) = preSolution
		Debug|Any CPU = Debug|Any CPU
		Release|Any CPU = Release|Any CPU
	EndGlobalSection
	GlobalSection(ProjectConfigurationPlatforms) = postSolution
		{0448A8BB-7829-46C1-B0C9-07A35CAFF608}.Debug|Any CPU.ActiveCfg = Debug|Any CPU
		{0448A8BB-7829-46C1-B0C9-07A35CAFF608}.Debug|Any CPU.Build.0 = Debug|Any CPU
		{0448A8BB-7829-46C1-B0C9-07A35CAFF608}.Release|Any CPU.ActiveCfg = Release|Any CPU
		{0448A8BB-7829-46C1-B0C9-07A35CAFF608}.Release|Any CPU.Build.0 = Release|Any CPU
	EndGlobalSection
	GlobalSection(SolutionProperties) = preSolution
		HideSolutionNode = FALSE
	EndGlobalSection
	GlobalSection(ExtensibilityGlobals) = postSolution
		SolutionGuid = {3C4ACB03-0BFC-44A3-8525-64E8F60A1C53}
	EndGlobalSection
EndGlobal
